# This file is generated by running "yarn install" inside your project.
# Manual changes might be lost - proceed with caution!

__metadata:
  version: 6
  cacheKey: 8

"@isaacs/fs-minipass@npm:^4.0.0":
  version: 4.0.1
  resolution: "@isaacs/fs-minipass@npm:4.0.1"
  dependencies:
    minipass: ^7.0.4
  checksum: 5d36d289960e886484362d9eb6a51d1ea28baed5f5d0140bbe62b99bac52eaf06cc01c2bc0d3575977962f84f6b2c4387b043ee632216643d4787b0999465bf2
  languageName: node
  linkType: hard

"@oxc-project/types@npm:=0.149.0":
  version: 0.149.0
  resolution: "@oxc-project/types@npm:0.149.0"
  checksum: 6a136dfc8835ba2086b2fcb2b945ff4a60292eee74e5795976272f2d47058aa2b259714c6bc38319165646bfd5c18763401364f90ae2461886917205d9042776
  languageName: node
  linkType: hard

"@oxlint/binding-android-arm-eabi@npm:1.82.0":
  version: 1.82.0
  resolution: "@oxlint/binding-android-arm-eabi@npm:1.82.0"
  conditions: os=android & cpu=arm
  languageName: node
  linkType: hard

"@oxlint/binding-android-arm64@npm:1.82.0":
  version: 1.82.0
  resolution: "@oxlint/binding-android-arm64@npm:1.82.0"
  conditions: os=android & cpu=arm64
  languageName: node
  linkType: hard

"@oxlint/binding-darwin-arm64@npm:1.82.0":
  version: 1.82.0
  resolution: "@oxlint/binding-darwin-arm64@npm:1.82.0"
  conditions: os=darwin & cpu=arm64
  languageName: node
  linkType: hard

"@oxlint/binding-darwin-x64@npm:1.82.0":
  version: 1.82.0
  resolution: "@oxlint/binding-darwin-x64@npm:1.82.0"
  conditions: os=darwin & cpu=x64
  languageName: node
  linkType: hard

"@oxlint/binding-freebsd-x64@npm:1.82.0":
  version: 1.82.0
  resolution: "@oxlint/binding-freebsd-x64@npm:1.82.0"
  conditions: os=freebsd & cpu=x64
  languageName: node
  linkType: hard

"@oxlint/binding-linux-arm-gnueabihf@npm:1.82.0":
  version: 1.82.0
  resolution: "@oxlint/binding-linux-arm-gnueabihf@npm:1.82.0"
  conditions: os=linux & cpu=arm
  languageName: node
  linkType: hard

"@oxlint/binding-linux-arm-musleabihf@npm:1.82.0":
  version: 1.82.0
  resolution: "@oxlint/binding-linux-arm-musleabihf@npm:1.82.0"
  conditions: os=linux & cpu=arm
  languageName: node
  linkType: hard

"@oxlint/binding-linux-arm64-gnu@npm:1.82.0":
  version: 1.82.0
  resolution: "@oxlint/binding-linux-arm64-gnu@npm:1.82.0"
  conditions: os=linux & cpu=arm64 & libc=glibc
  languageName: node
  linkType: hard

"@oxlint/binding-linux-arm64-musl@npm:1.82.0":
  version: 1.82.0
  resolution: "@oxlint/binding-linux-arm64-musl@npm:1.82.0"
  conditions: os=linux & cpu=arm64 & libc=musl
  languageName: node
  linkType: hard

"@oxlint/binding-linux-ppc64-gnu@npm:1.82.0":
  version: 1.82.0
  resolution: "@oxlint/binding-linux-ppc64-gnu@npm:1.82.0"
  conditions: os=linux & cpu=ppc64 & libc=glibc
  languageName: node
  linkType: hard

"@oxlint/binding-linux-riscv64-gnu@npm:1.82.0":
  version: 1.82.0
  resolution: "@oxlint/binding-linux-riscv64-gnu@npm:1.82.0"
  conditions: os=linux & cpu=riscv64 & libc=glibc
  languageName: node
  linkType: hard

"@oxlint/binding-linux-riscv64-musl@npm:1.82.0":
  version: 1.82.0
  resolution: "@oxlint/binding-linux-riscv64-musl@npm:1.82.0"
  conditions: os=linux & cpu=riscv64 & libc=musl
  languageName: node
  linkType: hard

"@oxlint/binding-linux-s390x-gnu@npm:1.82.0":
  version: 1.82.0
  resolution: "@oxlint/binding-linux-s390x-gnu@npm:1.82.0"
  conditions: os=linux & cpu=s390x & libc=glibc
  languageName: node
  linkType: hard

"@oxlint/binding-linux-x64-gnu@npm:1.82.0":
  version: 1.82.0
  resolution: "@oxlint/binding-linux-x64-gnu@npm:1.82.0"
  conditions: os=linux & cpu=x64 & libc=glibc
  languageName: node
  linkType: hard

"@oxlint/binding-linux-x64-musl@npm:1.82.0":
  version: 1.82.0
  resolution: "@oxlint/binding-linux-x64-musl@npm:1.82.0"
  conditions: os=linux & cpu=x64 & libc=musl
  languageName: node
  linkType: hard

"@oxlint/binding-openharmony-arm64@npm:1.82.0":
  version: 1.82.0
  resolution: "@oxlint/binding-openharmony-arm64@npm:1.82.0"
  conditions: os=openharmony & cpu=arm64
  languageName: node
  linkType: hard

"@oxlint/binding-win32-arm64-msvc@npm:1.82.0":
  version: 1.82.0
  resolution: "@oxlint/binding-win32-arm64-msvc@npm:1.82.0"
  conditions: os=win32 & cpu=arm64
  languageName: node
  linkType: hard

"@oxlint/binding-win32-ia32-msvc@npm:1.82.0":
  version: 1.82.0
  resolution: "@oxlint/binding-win32-ia32-msvc@npm:1.82.0"
  conditions: os=win32 & cpu=ia32
  languageName: node
  linkType: hard

"@oxlint/binding-win32-x64-msvc@npm:1.82.0":
  version: 1.82.0
  resolution: "@oxlint/binding-win32-x64-msvc@npm:1.82.0"
  conditions: os=win32 & cpu=x64
  languageName: node
  linkType: hard

"@rolldown/binding-android-arm-eabi@npm:1.2.8":
  version: 1.2.8
  resolution: "@rolldown/binding-android-arm-eabi@npm:1.2.8"
  conditions: os=android & cpu=arm
  languageName: node
  linkType: hard

"@rolldown/binding-android-arm64@npm:1.2.8":
  version: 1.2.8
  resolution: "@rolldown/binding-android-arm64@npm:1.2.8"
  conditions: os=android & cpu=arm64
  languageName: node
  linkType: hard

"@rolldown/binding-darwin-arm64@npm:1.2.8":
  version: 1.2.8
  resolution: "@rolldown/binding-darwin-arm64@npm:1.2.8"
  conditions: os=darwin & cpu=arm64
  languageName: node
  linkType: hard

"@rolldown/binding-darwin-x64@npm:1.2.8":
  version: 1.2.8
  resolution: "@rolldown/binding-darwin-x64@npm:1.2.8"
  conditions: os=darwin & cpu=x64
  languageName: node
  linkType: hard

"@rolldown/binding-freebsd-x64@npm:1.2.8":
  version: 1.2.8
  resolution: "@rolldown/binding-freebsd-x64@npm:1.2.8"
  conditions: os=freebsd & cpu=x64
  languageName: node
  linkType: hard

"@rolldown/binding-linux-arm-gnueabihf@npm:1.2.8":
  version: 1.2.8
  resolution: "@rolldown/binding-linux-arm-gnueabihf@npm:1.2.8"
  conditions: os=linux & cpu=arm
  languageName: node
  linkType: hard

"@rolldown/binding-linux-arm64-gnu@npm:1.2.8":
  version: 1.2.8
  resolution: "@rolldown/binding-linux-arm64-gnu@npm:1.2.8"
  conditions: os=linux & cpu=arm64 & libc=glibc
  languageName: node
  linkType: hard

"@rolldown/binding-linux-arm64-musl@npm:1.2.8":
  version: 1.2.8
  resolution: "@rolldown/binding-linux-arm64-musl@npm:1.2.8"
  conditions: os=linux & cpu=arm64 & libc=musl
  languageName: node
  linkType: hard

"@rolldown/binding-linux-ppc64-gnu@npm:1.2.8":
  version: 1.2.8
  resolution: "@rolldown/binding-linux-ppc64-gnu@npm:1.2.8"
  conditions: os=linux & cpu=ppc64 & libc=glibc
  languageName: node
  linkType: hard

"@rolldown/binding-linux-s390x-gnu@npm:1.2.8":
  version: 1.2.8
  resolution: "@rolldown/binding-linux-s390x-gnu@npm:1.2.8"
  conditions: os=linux & cpu=s390x & libc=glibc
  languageName: node
  linkType: hard

"@rolldown/binding-linux-x64-gnu@npm:1.2.8":
  version: 1.2.8
  resolution: "@rolldown/binding-linux-x64-gnu@npm:1.2.8"
  conditions: os=linux & cpu=x64 & libc=glibc
  languageName: node
  linkType: hard

"@rolldown/binding-linux-x64-musl@npm:1.2.8":
  version: 1.2.8
  resolution: "@rolldown/binding-linux-x64-musl@npm:1.2.8"
  conditions: os=linux & cpu=x64 & libc=musl
  languageName: node
  linkType: hard

"@rolldown/binding-openharmony-arm64@npm:1.2.8":
  version: 1.2.8
  resolution: "@rolldown/binding-openharmony-arm64@npm:1.2.8"
  conditions: os=openharmony & cpu=arm64
  languageName: node
  linkType: hard

"@rolldown/binding-win32-arm64-msvc@npm:1.2.8":
  version: 1.2.8
  resolution: "@rolldown/binding-win32-arm64-msvc@npm:1.2.8"
  conditions: os=win32 & cpu=arm64
  languageName: node
  linkType: hard

"@rolldown/binding-win32-x64-msvc@npm:1.2.8":
  version: 1.2.8
  resolution: "@rolldown/binding-win32-x64-msvc@npm:1.2.8"
  conditions: os=win32 & cpu=x64
  languageName: node
  linkType: hard

"@rolldown/pluginutils@npm:^1.0.0, @rolldown/pluginutils@npm:^1.0.1":
  version: 1.0.1
  resolution: "@rolldown/pluginutils@npm:1.0.1"
  checksum: 240365ad4301aa209ae0efeded39d1e8ef8df07927fe1e57c9ffc60ac46a8e8b824752f6b27a4aae071e8b43ee288455e9db5055838a1e057244dab55f7c529a
  languageName: node
  linkType: hard

"@types/node@npm:^24.13.3":
  version: 24.13.4
  resolution: "@types/node@npm:24.13.4"
  dependencies:
    undici-types: ~7.18.0
  checksum: 06d8b559ca0cc581305e9c5a5ee50724f59589cb80e9febf113c62f50008fcb90fc41e42cc5e406b14685554ebf05a0f6b2ec9dd7428411ce51514f8af408d09
  languageName: node
  linkType: hard

"@types/react-dom@npm:^19.2.4":
  version: 19.3.0
  resolution: "@types/react-dom@npm:19.3.0"
  peerDependencies:
    "@types/react": ^19.3.0
  checksum: 9e043873433f897f3287582e43c424c93c3ac44d975007b2d2d4ef9985b4d269461abfb1502646882e724fc0725635741e1097888ceccff571bf6815841763fc
  languageName: node
  linkType: hard

"@types/react@npm:^19.2.18":
  version: 19.3.0
  resolution: "@types/react@npm:19.3.0"
  dependencies:
    csstype: ^3.2.2
  checksum: 1cc51d4b76e5855da231e8b5afbde76db000eb3fffa5a8087a93eef1c168e86f90d10b7dae08dabf7a6ac327a254604406e6ede45c952d39d24dd0da6f856790
  languageName: node
  linkType: hard

"@vitejs/plugin-react@npm:^6.1.0":
  version: 6.1.1
  resolution: "@vitejs/plugin-react@npm:6.1.1"
  dependencies:
    "@rolldown/pluginutils": ^1.0.1
  peerDependencies:
    "@rolldown/plugin-babel": ^0.1.7 || ^0.2.0
    babel-plugin-react-compiler: ^1.0.0
    oxc-transform-react: ^0.145.0
    vite: ^8.0.0
  peerDependenciesMeta:
    "@rolldown/plugin-babel":
      optional: true
    babel-plugin-react-compiler:
      optional: true
    oxc-transform-react:
      optional: true
  checksum: f74bc482bc22543c7358e6d8e7ae9148c852df440d0ebfee18a942e1520c2b53867d05dc3daa35441c8d1fcd3f8d6e709f088e0a37ea5b7b9a9d9a8af9e8f53e
  languageName: node
  linkType: hard

"abbrev@npm:^5.0.0":
  version: 5.0.0
  resolution: "abbrev@npm:5.0.0"
  checksum: 40526a57545197f1ee0a5cb369508acbd33dbb8a19967850d6d60d9bb392d4034fc56d2572ad863b6a8da810f32eb5553cd05d5af265ea829e168697d9963cde
  languageName: node
  linkType: hard

"chownr@npm:^3.0.0":
  version: 3.0.0
  resolution: "chownr@npm:3.0.0"
  checksum: fd73a4bab48b79e66903fe1cafbdc208956f41ea4f856df883d0c7277b7ab29fd33ee65f93b2ec9192fc0169238f2f8307b7735d27c155821d886b84aa97aa8d
  languageName: node
  linkType: hard

"cookie-es@npm:^3.1.1":
  version: 3.1.1
  resolution: "cookie-es@npm:3.1.1"
  checksum: 2b196bf591a177a3602c26eb5a7253b6e08176262158d02c7dedb30903b7ffda83943b9099c25c739acedfaed143add2a39209522712b59e5b447e28c7c21469
  languageName: node
  linkType: hard

"csstype@npm:^3.2.2":
  version: 3.2.3
  resolution: "csstype@npm:3.2.3"
  checksum: cb882521b3398958a1ce6ca98c011aec0bde1c77ecaf8a1dd4db3b112a189939beae3b1308243b2fe50fc27eb3edeb0f73a5a4d91d928765dc6d5ecc7bda92ee
  languageName: node
  linkType: hard

"detect-libc@npm:^2.0.3":
  version: 2.1.2
  resolution: "detect-libc@npm:2.1.2"
  checksum: 471740d52365084c4b2ae359e507b863f2b1d79b08a92835ebdf701918e08fc9cfba175b3db28483ca33b155e1311a91d69dc42c6d192b476f41a9e1f094ce6a
  languageName: node
  linkType: hard

"env-paths@npm:^2.2.0":
  version: 2.2.1
  resolution: "env-paths@npm:2.2.1"
  checksum: 65b5df55a8bab92229ab2b40dad3b387fad24613263d103a97f91c9fe43ceb21965cd3392b1ccb5d77088021e525c4e0481adb309625d0cb94ade1d1fb8dc17e
  languageName: node
  linkType: hard

"exponential-backoff@npm:^3.1.1":
  version: 3.1.3
  resolution: "exponential-backoff@npm:3.1.3"
  checksum: 471fdb70fd3d2c08a74a026973bdd4105b7832911f610ca67bbb74e39279411c1eed2f2a110c9d41c2edd89459ba58fdaba1c174beed73e7a42d773882dcff82
  languageName: node
  linkType: hard

"fdir@npm:^6.5.0":
  version: 6.5.0
  resolution: "fdir@npm:6.5.0"
  peerDependencies:
    picomatch: ^3 || ^4
  peerDependenciesMeta:
    picomatch:
      optional: true
  checksum: bd537daa9d3cd53887eed35efa0eab2dbb1ca408790e10e024120e7a36c6e9ae2b33710cb8381e35def01bc9c1d7eaba746f886338413e68ff6ebaee07b9a6e8
  languageName: node
  linkType: hard

"fsevents@npm:~2.3.3":
  version: 2.3.3
  resolution: "fsevents@npm:2.3.3"
  dependencies:
    node-gyp: latest
  checksum: 11e6ea6fea15e42461fc55b4b0e4a0a3c654faa567f1877dbd353f39156f69def97a69936d1746619d656c4b93de2238bf731f6085a03a50cabf287c9d024317
  conditions: os=darwin
  languageName: node
  linkType: hard

"fsevents@patch:fsevents@~2.3.3#~builtin<compat/fsevents>":
  version: 2.3.3
  resolution: "fsevents@patch:fsevents@npm%3A2.3.3#~builtin<compat/fsevents>::version=2.3.3&hash=df0bf1"
  dependencies:
    node-gyp: latest
  conditions: os=darwin
  languageName: node
  linkType: hard

"graceful-fs@npm:^4.2.6":
  version: 4.2.11
  resolution: "graceful-fs@npm:4.2.11"
  checksum: ac85f94da92d8eb6b7f5a8b20ce65e43d66761c55ce85ac96df6865308390da45a8d3f0296dd3a663de65d30ba497bd46c696cc1e248c72b13d6d567138a4fc7
  languageName: node
  linkType: hard

"isexe@npm:^4.0.0":
  version: 4.0.0
  resolution: "isexe@npm:4.0.0"
  checksum: 2ead327ef596042ef9c9ec5f236b316acfaedb87f4bb61b3c3d574fb2e9c8a04b67305e04733bde52c24d9622fdebd3270aadb632adfbf9cadef88fe30f479e5
  languageName: node
  linkType: hard

"lightningcss-android-arm64@npm:1.33.0":
  version: 1.33.0
  resolution: "lightningcss-android-arm64@npm:1.33.0"
  conditions: os=android & cpu=arm64
  languageName: node
  linkType: hard

"lightningcss-darwin-arm64@npm:1.33.0":
  version: 1.33.0
  resolution: "lightningcss-darwin-arm64@npm:1.33.0"
  conditions: os=darwin & cpu=arm64
  languageName: node
  linkType: hard

"lightningcss-darwin-x64@npm:1.33.0":
  version: 1.33.0
  resolution: "lightningcss-darwin-x64@npm:1.33.0"
  conditions: os=darwin & cpu=x64
  languageName: node
  linkType: hard

"lightningcss-freebsd-x64@npm:1.33.0":
  version: 1.33.0
  resolution: "lightningcss-freebsd-x64@npm:1.33.0"
  conditions: os=freebsd & cpu=x64
  languageName: node
  linkType: hard

"lightningcss-linux-arm-gnueabihf@npm:1.33.0":
  version: 1.33.0
  resolution: "lightningcss-linux-arm-gnueabihf@npm:1.33.0"
  conditions: os=linux & cpu=arm
  languageName: node
  linkType: hard

"lightningcss-linux-arm64-gnu@npm:1.33.0":
  version: 1.33.0
  resolution: "lightningcss-linux-arm64-gnu@npm:1.33.0"
  conditions: os=linux & cpu=arm64 & libc=glibc
  languageName: node
  linkType: hard

"lightningcss-linux-arm64-musl@npm:1.33.0":
  version: 1.33.0
  resolution: "lightningcss-linux-arm64-musl@npm:1.33.0"
  conditions: os=linux & cpu=arm64 & libc=musl
  languageName: node
  linkType: hard

"lightningcss-linux-x64-gnu@npm:1.33.0":
  version: 1.33.0
  resolution: "lightningcss-linux-x64-gnu@npm:1.33.0"
  conditions: os=linux & cpu=x64 & libc=glibc
  languageName: node
  linkType: hard

"lightningcss-linux-x64-musl@npm:1.33.0":
  version: 1.33.0
  resolution: "lightningcss-linux-x64-musl@npm:1.33.0"
  conditions: os=linux & cpu=x64 & libc=musl
  languageName: node
  linkType: hard

"lightningcss-win32-arm64-msvc@npm:1.33.0":
  version: 1.33.0
  resolution: "lightningcss-win32-arm64-msvc@npm:1.33.0"
  conditions: os=win32 & cpu=arm64
  languageName: node
  linkType: hard

"lightningcss-win32-x64-msvc@npm:1.33.0":
  version: 1.33.0
  resolution: "lightningcss-win32-x64-msvc@npm:1.33.0"
  conditions: os=win32 & cpu=x64
  languageName: node
  linkType: hard

"lightningcss@npm:^1.33.0":
  version: 1.33.0
  resolution: "lightningcss@npm:1.33.0"
  dependencies:
    detect-libc: ^2.0.3
    lightningcss-android-arm64: 1.33.0
    lightningcss-darwin-arm64: 1.33.0
    lightningcss-darwin-x64: 1.33.0
    lightningcss-freebsd-x64: 1.33.0
    lightningcss-linux-arm-gnueabihf: 1.33.0
    lightningcss-linux-arm64-gnu: 1.33.0
    lightningcss-linux-arm64-musl: 1.33.0
    lightningcss-linux-x64-gnu: 1.33.0
    lightningcss-linux-x64-musl: 1.33.0
    lightningcss-win32-arm64-msvc: 1.33.0
    lightningcss-win32-x64-msvc: 1.33.0
  dependenciesMeta:
    lightningcss-android-arm64:
      optional: true
    lightningcss-darwin-arm64:
      optional: true
    lightningcss-darwin-x64:
      optional: true
    lightningcss-freebsd-x64:
      optional: true
    lightningcss-linux-arm-gnueabihf:
      optional: true
    lightningcss-linux-arm64-gnu:
      optional: true
    lightningcss-linux-arm64-musl:
      optional: true
    lightningcss-linux-x64-gnu:
      optional: true
    lightningcss-linux-x64-musl:
      optional: true
    lightningcss-win32-arm64-msvc:
      optional: true
    lightningcss-win32-x64-msvc:
      optional: true
  checksum: abc78c1ce931b10da1168cfbe0a3539bcc164fca23f9fa909d06546ea6f6f874ec5008644b7031aebab061be276620e0821983745ae586931b4f563942a64da3
  languageName: node
  linkType: hard

"minipass@npm:^7.0.4, minipass@npm:^7.1.2":
  version: 7.1.3
  resolution: "minipass@npm:7.1.3"
  checksum: 2ede17c0bf8fec499be3360fd07f0ec7666189e3907320a9b653f1530cf84af98928c5b12d80bfb75f321833bf2e97785b940540213ebdafe97a5f10327e664d
  languageName: node
  linkType: hard

"minizlib@npm:^3.1.0":
  version: 3.1.0
  resolution: "minizlib@npm:3.1.0"
  dependencies:
    minipass: ^7.1.2
  checksum: a15e6f0128f514b7d41a1c68ce531155447f4669e32d279bba1c1c071ef6c2abd7e4d4579bb59ccc2ed1531346749665968fdd7be8d83eb6b6ae2fe1f3d370a7
  languageName: node
  linkType: hard

"nanoid@npm:^3.3.18":
  version: 3.3.18
  resolution: "nanoid@npm:3.3.18"
  bin:
    nanoid: bin/nanoid.cjs
  checksum: db804317d337b41602666f23014e399d1263033d13a903955c246378256fd4e002519e87199ca40b19aff52274965ac7cc6e70c13a63e194e15c4664724602d3
  languageName: node
  linkType: hard

"node-gyp@npm:latest":
  version: 13.0.2
  resolution: "node-gyp@npm:13.0.2"
  dependencies:
    env-paths: ^2.2.0
    exponential-backoff: ^3.1.1
    graceful-fs: ^4.2.6
    nopt: ^10.0.0
    proc-log: ^7.0.0
    semver: ^7.3.5
    tar: ^7.5.4
    tinyglobby: ^0.2.12
    undici: ^8.4.1
    which: ^7.0.0
  bin:
    node-gyp: bin/node-gyp.js
  checksum: 08acf4dd37b725a5b87a924597e8eabecc35691991e651c54641224b2daa63619fbcbffc0da8ad19aabed1b9906bdb4d0acf47cfd70f25c5c050423e940cd161
  languageName: node
  linkType: hard

"nopt@npm:^10.0.0":
  version: 10.0.1
  resolution: "nopt@npm:10.0.1"
  dependencies:
    abbrev: ^5.0.0
  bin:
    nopt: bin/nopt.js
  checksum: c2903b9171a3293b731189ace4eaeacc2ed8191bb8f8f74ebfb61babc0de2ff158d97a215fd561070ed0dac567f3b8741955f81a534009e57eb37fdc419d5d4e
  languageName: node
  linkType: hard

"ow-counterpick@workspace:.":
  version: 0.0.0-use.local
  resolution: "ow-counterpick@workspace:."
  dependencies:
    "@types/node": ^24.13.3
    "@types/react": ^19.2.18
    "@types/react-dom": ^19.2.4
    "@vitejs/plugin-react": ^6.1.0
    oxlint: ^1.79.0
    react: ^19.2.8
    react-dom: ^19.2.8
    react-router: ^8.3.1
    typescript: ~6.0.2
    vite: ^8.2.2
  languageName: unknown
  linkType: soft

"oxlint@npm:^1.79.0":
  version: 1.82.0
  resolution: "oxlint@npm:1.82.0"
  dependencies:
    "@oxlint/binding-android-arm-eabi": 1.82.0
    "@oxlint/binding-android-arm64": 1.82.0
    "@oxlint/binding-darwin-arm64": 1.82.0
    "@oxlint/binding-darwin-x64": 1.82.0
    "@oxlint/binding-freebsd-x64": 1.82.0
    "@oxlint/binding-linux-arm-gnueabihf": 1.82.0
    "@oxlint/binding-linux-arm-musleabihf": 1.82.0
    "@oxlint/binding-linux-arm64-gnu": 1.82.0
    "@oxlint/binding-linux-arm64-musl": 1.82.0
    "@oxlint/binding-linux-ppc64-gnu": 1.82.0
    "@oxlint/binding-linux-riscv64-gnu": 1.82.0
    "@oxlint/binding-linux-riscv64-musl": 1.82.0
    "@oxlint/binding-linux-s390x-gnu": 1.82.0
    "@oxlint/binding-linux-x64-gnu": 1.82.0
    "@oxlint/binding-linux-x64-musl": 1.82.0
    "@oxlint/binding-openharmony-arm64": 1.82.0
    "@oxlint/binding-win32-arm64-msvc": 1.82.0
    "@oxlint/binding-win32-ia32-msvc": 1.82.0
    "@oxlint/binding-win32-x64-msvc": 1.82.0
  peerDependencies:
    oxlint-tsgolint: ">=7.0.2001"
    vite-plus: "*"
  dependenciesMeta:
    "@oxlint/binding-android-arm-eabi":
      optional: true
    "@oxlint/binding-android-arm64":
      optional: true
    "@oxlint/binding-darwin-arm64":
      optional: true
    "@oxlint/binding-darwin-x64":
      optional: true
    "@oxlint/binding-freebsd-x64":
      optional: true
    "@oxlint/binding-linux-arm-gnueabihf":
      optional: true
    "@oxlint/binding-linux-arm-musleabihf":
      optional: true
    "@oxlint/binding-linux-arm64-gnu":
      optional: true
    "@oxlint/binding-linux-arm64-musl":
      optional: true
    "@oxlint/binding-linux-ppc64-gnu":
      optional: true
    "@oxlint/binding-linux-riscv64-gnu":
      optional: true
    "@oxlint/binding-linux-riscv64-musl":
      optional: true
    "@oxlint/binding-linux-s390x-gnu":
      optional: true
    "@oxlint/binding-linux-x64-gnu":
      optional: true
    "@oxlint/binding-linux-x64-musl":
      optional: true
    "@oxlint/binding-openharmony-arm64":
      optional: true
    "@oxlint/binding-win32-arm64-msvc":
      optional: true
    "@oxlint/binding-win32-ia32-msvc":
      optional: true
    "@oxlint/binding-win32-x64-msvc":
      optional: true
  peerDependenciesMeta:
    oxlint-tsgolint:
      optional: true
    vite-plus:
      optional: true
  bin:
    oxlint: bin/oxlint
  checksum: 7b57ad18b671bacd2e740ac8c0aa1d9dd453364da61db9281989a9ec628780b920ea6157230c80efb4c0ed995870846c517ea9aedd23cf4dcce606ac89e7ff1a
  languageName: node
  linkType: hard

"picocolors@npm:^1.1.1":
  version: 1.1.1
  resolution: "picocolors@npm:1.1.1"
  checksum: e1cf46bf84886c79055fdfa9dcb3e4711ad259949e3565154b004b260cd356c5d54b31a1437ce9782624bf766272fe6b0154f5f0c744fb7af5d454d2b60db045
  languageName: node
  linkType: hard

"picomatch@npm:^4.0.4, picomatch@npm:^4.0.5":
  version: 4.0.7
  resolution: "picomatch@npm:4.0.7"
  checksum: a97edd7659fc7f39769734bcacd8e9c2f8711d0c30f0caf143577c4d59b3338e17e884ead92805701c71d54040067909e8d3dd45ed814fc8af154ca747fb06a4
  languageName: node
  linkType: hard

"postcss@npm:^8.5.26":
  version: 8.5.28
  resolution: "postcss@npm:8.5.28"
  dependencies:
    nanoid: ^3.3.18
    picocolors: ^1.1.1
    source-map-js: ^1.2.1
  checksum: 914a3a7af573aa2b672c0e286e0c7665a0e8c7e7a2370a0247c4531c189559e1909bac90d973bc2ff0ab64173780ec7ccde28be20298c887d16ed65d95098f6a
  languageName: node
  linkType: hard

"proc-log@npm:^7.0.0":
  version: 7.0.0
  resolution: "proc-log@npm:7.0.0"
  checksum: ded2e976dbfa428777496158db93efdd27523ce17cf7eae0e87c6dbba0f30bb46bbe6409ccdcf5ecea7bdea864ed409afc3b5c60b79f008d42dff79fdd481c27
  languageName: node
  linkType: hard

"react-dom@npm:^19.2.8":
  version: 19.3.0
  resolution: "react-dom@npm:19.3.0"
  dependencies:
    scheduler: ^0.28.0
  peerDependencies:
    react: ^19.3.0
  checksum: 0545bc771be35bd6bf060e30151df21da5863db9f8f16c63a7cd466fb914c86f4ae050d4724f2a878805bb10ea30d79d02eb6501446fe5b33b32c1e95f6edd23
  languageName: node
  linkType: hard

"react-router@npm:^8.3.1":
  version: 8.3.1
  resolution: "react-router@npm:8.3.1"
  dependencies:
    cookie-es: ^3.1.1
  peerDependencies:
    react: ">=19.2.7"
    react-dom: ">=19.2.7"
  peerDependenciesMeta:
    react-dom:
      optional: true
  checksum: c6fbbf7e976a55be5b386d532dfa037ea02b2a3cd053b9120dbc1d48dec45b5e39170df3a20621a251e4e0bb413e69221575d8ed0433d8e859a235321d850f7e
  languageName: node
  linkType: hard

"react@npm:^19.2.8":
  version: 19.3.0
  resolution: "react@npm:19.3.0"
  checksum: b33f946acb704533911e9341f5acac7671d630d0fdfd4af625596b0ec5f2df03933bd1c302c781994416ed013f24674cab8ea99edc1b6714433af2c20376574f
  languageName: node
  linkType: hard

"rolldown@npm:~1.2.4":
  version: 1.2.8
  resolution: "rolldown@npm:1.2.8"
  dependencies:
    "@oxc-project/types": =0.149.0
    "@rolldown/binding-android-arm-eabi": 1.2.8
    "@rolldown/binding-android-arm64": 1.2.8
    "@rolldown/binding-darwin-arm64": 1.2.8
    "@rolldown/binding-darwin-x64": 1.2.8
    "@rolldown/binding-freebsd-x64": 1.2.8
    "@rolldown/binding-linux-arm-gnueabihf": 1.2.8
    "@rolldown/binding-linux-arm64-gnu": 1.2.8
    "@rolldown/binding-linux-arm64-musl": 1.2.8
    "@rolldown/binding-linux-ppc64-gnu": 1.2.8
    "@rolldown/binding-linux-s390x-gnu": 1.2.8
    "@rolldown/binding-linux-x64-gnu": 1.2.8
    "@rolldown/binding-linux-x64-musl": 1.2.8
    "@rolldown/binding-openharmony-arm64": 1.2.8
    "@rolldown/binding-win32-arm64-msvc": 1.2.8
    "@rolldown/binding-win32-x64-msvc": 1.2.8
    "@rolldown/pluginutils": ^1.0.0
  dependenciesMeta:
    "@rolldown/binding-android-arm-eabi":
      optional: true
    "@rolldown/binding-android-arm64":
      optional: true
    "@rolldown/binding-darwin-arm64":
      optional: true
    "@rolldown/binding-darwin-x64":
      optional: true
    "@rolldown/binding-freebsd-x64":
      optional: true
    "@rolldown/binding-linux-arm-gnueabihf":
      optional: true
    "@rolldown/binding-linux-arm64-gnu":
      optional: true
    "@rolldown/binding-linux-arm64-musl":
      optional: true
    "@rolldown/binding-linux-ppc64-gnu":
      optional: true
    "@rolldown/binding-linux-s390x-gnu":
      optional: true
    "@rolldown/binding-linux-x64-gnu":
      optional: true
    "@rolldown/binding-linux-x64-musl":
      optional: true
    "@rolldown/binding-openharmony-arm64":
      optional: true
    "@rolldown/binding-win32-arm64-msvc":
      optional: true
    "@rolldown/binding-win32-x64-msvc":
      optional: true
  bin:
    rolldown: ./bin/cli.mjs
  checksum: 3672cf181c7d54e75f3932c1494c4f8c7304d87638de68902ef49de2e04641e8960802af5fce9ce409f9f271f00df09795c7b7a82375f74a3348740bfa9d6249
  languageName: node
  linkType: hard

"scheduler@npm:^0.28.0":
  version: 0.28.0
  resolution: "scheduler@npm:0.28.0"
  checksum: 2ec673f773d3b8992ca047a7e94e21b0f6dfea8414935a0d92b070ce1ea6b1b5ee97976f3efc9f3eb49982957b1cd8e38a20b63fb14ed6a848ae063aeb87e751
  languageName: node
  linkType: hard

"semver@npm:^7.3.5":
  version: 7.8.5
  resolution: "semver@npm:7.8.5"
  bin:
    semver: bin/semver.js
  checksum: 0c580f17e88e2b45806dc5cf3d824f719c946999d3554bf30307c2b68b3300ab3c8bfcd84d8f489b93b4cbb5362f5fc8de4d2858954f18d834253c4450fc9f6b
  languageName: node
  linkType: hard

"source-map-js@npm:^1.2.1":
  version: 1.2.1
  resolution: "source-map-js@npm:1.2.1"
  checksum: 4eb0cd997cdf228bc253bcaff9340afeb706176e64868ecd20efbe6efea931465f43955612346d6b7318789e5265bdc419bc7669c1cebe3db0eb255f57efa76b
  languageName: node
  linkType: hard

"tar@npm:^7.5.4":
  version: 7.5.22
  resolution: "tar@npm:7.5.22"
  dependencies:
    "@isaacs/fs-minipass": ^4.0.0
    chownr: ^3.0.0
    minipass: ^7.1.2
    minizlib: ^3.1.0
    yallist: ^5.0.0
  checksum: e1434f40954410d191ab6d89017bfd40c24869cfd319d19dd74f84db13cbea15370a22bc9b8ecd699d05c2777ec6297f35dac318ed4829b6e776a7cb4f1f7c68
  languageName: node
  linkType: hard

"tinyglobby@npm:^0.2.12, tinyglobby@npm:^0.2.17":
  version: 0.2.17
  resolution: "tinyglobby@npm:0.2.17"
  dependencies:
    fdir: ^6.5.0
    picomatch: ^4.0.4
  checksum: 041e73eae568152c376551b21b8a27909d474166a8f405cdb0345991c50cf6afd0f878d7a387645d9c05d8ea2c9a55cc2fd2cfe6c5d5a5264770972b1adcad86
  languageName: node
  linkType: hard

"typescript@npm:~6.0.2":
  version: 6.0.3
  resolution: "typescript@npm:6.0.3"
  bin:
    tsc: bin/tsc
    tsserver: bin/tsserver
  checksum: c1182dfadf8a8cb22a4e32442715afef1af1b950ae635b1c52c27e0d7fb7a5e2607ed7c7c4079bba4163579250e02445fd8d46b09cbceda71ff72a5b7d69db61
  languageName: node
  linkType: hard

"typescript@patch:typescript@~6.0.2#~builtin<compat/typescript>":
  version: 6.0.3
  resolution: "typescript@patch:typescript@npm%3A6.0.3#~builtin<compat/typescript>::version=6.0.3&hash=29ae49"
  bin:
    tsc: bin/tsc
    tsserver: bin/tsserver
  checksum: 8ed159a81ab4901a620c19fda539632cee610f8ec34dde57a3acc6b6df72894ad0b50bdd1946b763313d9b73dedb019d2e81c03eff06c0f2c785cde30a537d15
  languageName: node
  linkType: hard

"undici-types@npm:~7.18.0":
  version: 7.18.2
  resolution: "undici-types@npm:7.18.2"
  checksum: 23da306c8366574adec305b06a8519ab5c7d09e3f5d16c1a98709a34fae17da09ec95198f30f86c00055e02efa8bfcc843e84e8aebeb9b8d6bb3e06afccae07a
  languageName: node
  linkType: hard

"undici@npm:^8.4.1":
  version: 8.10.2
  resolution: "undici@npm:8.10.2"
  checksum: bbf522bf0999a94b66eb2171ec96d9ac2bf681dd298a28976b72dd7cd4449e96839b3a8b88eaea34b88903ddcf32f3c7a026b6e18a698ad7acfb73c3e19a372a
  languageName: node
  linkType: hard

"vite@npm:^8.2.2":
  version: 8.2.2
  resolution: "vite@npm:8.2.2"
  dependencies:
    fsevents: ~2.3.3
    lightningcss: ^1.33.0
    picomatch: ^4.0.5
    postcss: ^8.5.26
    rolldown: ~1.2.4
    tinyglobby: ^0.2.17
  peerDependencies:
    "@types/node": ^20.19.0 || >=22.12.0
    "@vitejs/devtools": ^0.4.0 || ^0.5.0
    esbuild: ^0.27.0 || ^0.28.0
    jiti: ">=1.21.0"
    less: ^4.0.0
    sass: ^1.70.0
    sass-embedded: ^1.70.0
    stylus: ">=0.54.8"
    sugarss: ^5.0.0
    terser: ^5.16.0
    tsx: ^4.8.1
    yaml: ^2.4.2
  dependenciesMeta:
    fsevents:
      optional: true
  peerDependenciesMeta:
    "@types/node":
      optional: true
    "@vitejs/devtools":
      optional: true
    esbuild:
      optional: true
    jiti:
      optional: true
    less:
      optional: true
    sass:
      optional: true
    sass-embedded:
      optional: true
    stylus:
      optional: true
    sugarss:
      optional: true
    terser:
      optional: true
    tsx:
      optional: true
    yaml:
      optional: true
  bin:
    vite: bin/vite.js
  checksum: 4fc9106d06a003f7815290747c7938038e6035fe3332bf4ee3de855a5b0e82d0e5d77645a05b6d566420dde1dfcfa83db7c41f145d1c4fda8f8000d77e6c9ed5
  languageName: node
  linkType: hard

"which@npm:^7.0.0":
  version: 7.0.0
  resolution: "which@npm:7.0.0"
  dependencies:
    isexe: ^4.0.0
  bin:
    node-which: bin/which.js
  checksum: 913a43ac10df37602ba9795a004dd7ab12ba7dd592aca1f08ec333be1fdd6a49bbf119a88c3f8d0ea70eeb6251726e77069251424d73000299a0a840ed000732
  languageName: node
  linkType: hard

"yallist@npm:^5.0.0":
  version: 5.0.0
  resolution: "yallist@npm:5.0.0"
  checksum: eba51182400b9f35b017daa7f419f434424410691bbc5de4f4240cc830fdef906b504424992700dc047f16b4d99100a6f8b8b11175c193f38008e9c96322b6a5
  languageName: node
  linkType: hard
